
Microsoft Visual Studio Solution File, Format Version 12.00
# Visual Studio Version 16
VisualStudioVersion = 16.0.30204.135
MinimumVisualStudioVersion = 10.0.40219.1
Project("{9A19103F-16F7-4668-BE54-9A1E7A4F7556}") = "Project1.WebApp", "Project1.WebApp\Project1.WebApp.csproj", "{E010EBB7-7190-47A1-8878-FB194841F968}"
	ProjectSection(ProjectDependencies) = postProject
		{1CB355A7-58E9-4004-AA6C-44DA954A22A5} = {1CB355A7-58E9-4004-AA6C-44DA954A22A5}
		{0A92FDDD-0BB9-4BC1-868A-FA3C69249454} = {0A92FDDD-0BB9-4BC1-868A-FA3C69249454}
	EndProjectSection
EndProject
Project("{9A19103F-16F7-4668-BE54-9A1E7A4F7556}") = "Project1.Library", "Project1.Library\Project1.Library.csproj", "{0A92FDDD-0BB9-4BC1-868A-FA3C69249454}"
EndProject
Project("{9A19103F-16F7-4668-BE54-9A1E7A4F7556}") = "Project1.DataAccess", "Project1.DataAccess\Project1.DataAccess.csproj", "{1CB355A7-58E9-4004-AA6C-44DA954A22A5}"
	ProjectSection(ProjectDependencies) = postProject
		{0A92FDDD-0BB9-4BC1-868A-FA3C69249454} = {0A92FDDD-0BB9-4BC1-868A-FA3C69249454}
	EndProjectSection
EndProject
Project("{9A19103F-16F7-4668-BE54-9A1E7A4F7556}") = "Project1.Tests", "Project1.Tests\Project1.Tests.csproj", "{FC291EA0-CE6B-41EE-80B5-CCAB153EF237}"
EndProject
Global
	GlobalSection(SolutionConfigurationPlatforms) = preSolution
		Debug|Any CPU = Debug|Any CPU
		Release|Any CPU = Release|Any CPU
	EndGlobalSection
	GlobalSection(ProjectConfigurationPlatforms) = postSolution
		{E010EBB7-7190-47A1-8878-FB194841F968}.Debug|Any CPU.ActiveCfg = Debug|Any CPU
		{E010EBB7-7190-47A1-8878-FB194841F968}.Debug|Any CPU.Build.0 = Debug|Any CPU
		{E010EBB7-7190-47A1-8878-FB194841F968}.Release|Any CPU.ActiveCfg = Release|Any CPU
		{E010EBB7-7190-47A1-8878-FB194841F968}.Release|Any CPU.Build.0 = Release|Any CPU
		{0A92FDDD-0BB9-4BC1-868A-FA3C69249454}.Debug|Any CPU.ActiveCfg = Debug|Any CPU
		{0A92FDDD-0BB9-4BC1-868A-FA3C69249454}.Debug|Any CPU.Build.0 = Debug|Any CPU
		{0A92FDDD-0BB9-4BC1-868A-FA3C69249454}.Release|Any CPU.ActiveCfg = Release|Any CPU
		{0A92FDDD-0BB9-4BC1-868A-FA3C69249454}.Release|Any CPU.Build.0 = Release|Any CPU
		{1CB355A7-58E9-4004-AA6C-44DA954A22A5}.Debug|Any CPU.ActiveCfg = Debug|Any CPU
		{1CB355A7-58E9-4004-AA6C-44DA954A22A5}.Debug|Any CPU.Build.0 = Debug|Any CPU
		{1CB355A7-58E9-4004-AA6C-44DA954A22A5}.Release|Any CPU.ActiveCfg = Release|Any CPU
		{1CB355A7-58E9-4004-AA6C-44DA954A22A5}.Release|Any CPU.Build.0 = Release|Any CPU
		{FC291EA0-CE6B-41EE-80B5-CCAB153EF237}.Debug|Any CPU.ActiveCfg = Debug|Any CPU
		{FC291EA0-CE6B-41EE-80B5-CCAB153EF237}.Debug|Any CPU.Build.0 = Debug|Any CPU
		{FC291EA0-CE6B-41EE-80B5-CCAB153EF237}.Release|Any CPU.ActiveCfg = Release|Any CPU
		{FC291EA0-CE6B-41EE-80B5-CCAB153EF237}.Release|Any CPU.Build.0 = Release|Any CPU
	EndGlobalSection
	GlobalSection(SolutionProperties) = preSolution
		HideSolutionNode = FALSE
	EndGlobalSection
	GlobalSection(ExtensibilityGlobals) = postSolution
		SolutionGuid = {C0167462-85AF-41C0-BF97-806943691977}
	EndGlobalSection
EndGlobal
